// !$*UTF8*$!
{
	archiveVersion = 1;
	classes = {
	};
	objectVersion = 48;
	objects = {

/* Begin PBXBuildFile section */
		9403DD0920E8E45A0049C497 /* alarmTableViewCell.swift in Sources */ = {isa = PBXBuildFile; fileRef = 9403DD0820E8E45A0049C497 /* alarmTableViewCell.swift */; };
		9403DD0D20E8E4FC0049C497 /* chattingTableViewCell.swift in Sources */ = {isa = PBXBuildFile; fileRef = 9403DD0C20E8E4FC0049C497 /* chattingTableViewCell.swift */; };
		9403DD0F20E92B130049C497 /* CreateCollectionViewCell.swift in Sources */ = {isa = PBXBuildFile; fileRef = 9403DD0E20E92B130049C497 /* CreateCollectionViewCell.swift */; };
		9403DD1120E92B220049C497 /* DoingCollectionViewCell.swift in Sources */ = {isa = PBXBuildFile; fileRef = 9403DD1020E92B220049C497 /* DoingCollectionViewCell.swift */; };
		9403DD1320E92B340049C497 /* ApplyingCollectionViewCell.swift in Sources */ = {isa = PBXBuildFile; fileRef = 9403DD1220E92B340049C497 /* ApplyingCollectionViewCell.swift */; };
		9403DD1820E92F890049C497 /* IntroductionCollectionViewCell.swift in Sources */ = {isa = PBXBuildFile; fileRef = 9403DD1720E92F890049C497 /* IntroductionCollectionViewCell.swift */; };
		9403DD1C20E930540049C497 /* ScrapCollectionViewCell.swift in Sources */ = {isa = PBXBuildFile; fileRef = 9403DD1B20E930540049C497 /* ScrapCollectionViewCell.swift */; };
		9403DD1E20E9306C0049C497 /* MyScrapViewController.swift in Sources */ = {isa = PBXBuildFile; fileRef = 9403DD1D20E9306C0049C497 /* MyScrapViewController.swift */; };
		944A9F4120E8AAF900F5FE80 /* AppDelegate.swift in Sources */ = {isa = PBXBuildFile; fileRef = 944A9F4020E8AAF900F5FE80 /* AppDelegate.swift */; };
		944A9F4820E8AAF900F5FE80 /* Assets.xcassets in Resources */ = {isa = PBXBuildFile; fileRef = 944A9F4720E8AAF900F5FE80 /* Assets.xcassets */; };
		944A9F4B20E8AAF900F5FE80 /* LaunchScreen.storyboard in Resources */ = {isa = PBXBuildFile; fileRef = 944A9F4920E8AAF900F5FE80 /* LaunchScreen.storyboard */; };
		944A9F5420E8AE6800F5FE80 /* LoginViewController.swift in Sources */ = {isa = PBXBuildFile; fileRef = 944A9F5320E8AE6800F5FE80 /* LoginViewController.swift */; };
		944A9F5620E8AE8600F5FE80 /* LoginService.swift in Sources */ = {isa = PBXBuildFile; fileRef = 944A9F5520E8AE8600F5FE80 /* LoginService.swift */; };
		944A9F5820E8AED100F5FE80 /* Main.storyboard in Resources */ = {isa = PBXBuildFile; fileRef = 944A9F5720E8AED100F5FE80 /* Main.storyboard */; };
		944A9F5A20E8AFE400F5FE80 /* JoinViewController.swift in Sources */ = {isa = PBXBuildFile; fileRef = 944A9F5920E8AFE400F5FE80 /* JoinViewController.swift */; };
		944A9F5C20E8B0BE00F5FE80 /* APIService.swift in Sources */ = {isa = PBXBuildFile; fileRef = 944A9F5B20E8B0BE00F5FE80 /* APIService.swift */; };
		944A9F5E20E8B0D000F5FE80 /* JoinService.swift in Sources */ = {isa = PBXBuildFile; fileRef = 944A9F5D20E8B0D000F5FE80 /* JoinService.swift */; };
		944A9F6520E8B50500F5FE80 /* Home.storyboard in Resources */ = {isa = PBXBuildFile; fileRef = 944A9F6420E8B50500F5FE80 /* Home.storyboard */; };
		944A9F6720E8B53200F5FE80 /* HomeViewController.swift in Sources */ = {isa = PBXBuildFile; fileRef = 944A9F6620E8B53200F5FE80 /* HomeViewController.swift */; };
		944A9F6920E8B58B00F5FE80 /* SearchViewController.swift in Sources */ = {isa = PBXBuildFile; fileRef = 944A9F6820E8B58B00F5FE80 /* SearchViewController.swift */; };
		944A9F6B20E8B59400F5FE80 /* CreateViewController.swift in Sources */ = {isa = PBXBuildFile; fileRef = 944A9F6A20E8B59400F5FE80 /* CreateViewController.swift */; };
		944A9F6D20E8B5C500F5FE80 /* AlarmViewController.swift in Sources */ = {isa = PBXBuildFile; fileRef = 944A9F6C20E8B5C500F5FE80 /* AlarmViewController.swift */; };
		944A9F6F20E8B5CC00F5FE80 /* ProfileViewController.swift in Sources */ = {isa = PBXBuildFile; fileRef = 944A9F6E20E8B5CC00F5FE80 /* ProfileViewController.swift */; };
		944A9F7120E8B5D900F5FE80 /* Search.storyboard in Resources */ = {isa = PBXBuildFile; fileRef = 944A9F7020E8B5D900F5FE80 /* Search.storyboard */; };
		944A9F7320E8B5E200F5FE80 /* Create.storyboard in Resources */ = {isa = PBXBuildFile; fileRef = 944A9F7220E8B5E200F5FE80 /* Create.storyboard */; };
		944A9F7520E8B5EA00F5FE80 /* Alarm.storyboard in Resources */ = {isa = PBXBuildFile; fileRef = 944A9F7420E8B5EA00F5FE80 /* Alarm.storyboard */; };
		944A9F7820E8B5F900F5FE80 /* Profile.storyboard in Resources */ = {isa = PBXBuildFile; fileRef = 944A9F7720E8B5F900F5FE80 /* Profile.storyboard */; };
		944A9F7A20E8BB7700F5FE80 /* MyTabViewController.swift in Sources */ = {isa = PBXBuildFile; fileRef = 944A9F7920E8BB7700F5FE80 /* MyTabViewController.swift */; };
		944A9F7C20E8D3CA00F5FE80 /* projectCollectionViewCell.swift in Sources */ = {isa = PBXBuildFile; fileRef = 944A9F7B20E8D3CA00F5FE80 /* projectCollectionViewCell.swift */; };
		944A9F7E20E8DFCA00F5FE80 /* ProfileEditViewController.swift in Sources */ = {isa = PBXBuildFile; fileRef = 944A9F7D20E8DFCA00F5FE80 /* ProfileEditViewController.swift */; };
		944A9F8020E8DFE100F5FE80 /* MyPageViewController.swift in Sources */ = {isa = PBXBuildFile; fileRef = 944A9F7F20E8DFE100F5FE80 /* MyPageViewController.swift */; };
		944A9F8220E8DFF700F5FE80 /* MyProjectViewController.swift in Sources */ = {isa = PBXBuildFile; fileRef = 944A9F8120E8DFF700F5FE80 /* MyProjectViewController.swift */; };
		944A9F8420E8E00E00F5FE80 /* MyPageUpdateViewController.swift in Sources */ = {isa = PBXBuildFile; fileRef = 944A9F8320E8E00E00F5FE80 /* MyPageUpdateViewController.swift */; };
		944A9F8820E8E03D00F5FE80 /* MyBagViewController.swift in Sources */ = {isa = PBXBuildFile; fileRef = 944A9F8720E8E03D00F5FE80 /* MyBagViewController.swift */; };
/* End PBXBuildFile section */

/* Begin PBXFileReference section */
		9403DD0820E8E45A0049C497 /* alarmTableViewCell.swift */ = {isa = PBXFileReference; lastKnownFileType = sourcecode.swift; path = alarmTableViewCell.swift; sourceTree = "<group>"; };
		9403DD0C20E8E4FC0049C497 /* chattingTableViewCell.swift */ = {isa = PBXFileReference; lastKnownFileType = sourcecode.swift; path = chattingTableViewCell.swift; sourceTree = "<group>"; };
		9403DD0E20E92B130049C497 /* CreateCollectionViewCell.swift */ = {isa = PBXFileReference; lastKnownFileType = sourcecode.swift; path = CreateCollectionViewCell.swift; sourceTree = "<group>"; };
		9403DD1020E92B220049C497 /* DoingCollectionViewCell.swift */ = {isa = PBXFileReference; lastKnownFileType = sourcecode.swift; path = DoingCollectionViewCell.swift; sourceTree = "<group>"; };
		9403DD1220E92B340049C497 /* ApplyingCollectionViewCell.swift */ = {isa = PBXFileReference; lastKnownFileType = sourcecode.swift; path = ApplyingCollectionViewCell.swift; sourceTree = "<group>"; };
		9403DD1720E92F890049C497 /* IntroductionCollectionViewCell.swift */ = {isa = PBXFileReference; lastKnownFileType = sourcecode.swift; path = IntroductionCollectionViewCell.swift; sourceTree = "<group>"; };
		9403DD1B20E930540049C497 /* ScrapCollectionViewCell.swift */ = {isa = PBXFileReference; lastKnownFileType = sourcecode.swift; path = ScrapCollectionViewCell.swift; sourceTree = "<group>"; };
		9403DD1D20E9306C0049C497 /* MyScrapViewController.swift */ = {isa = PBXFileReference; lastKnownFileType = sourcecode.swift; path = MyScrapViewController.swift; sourceTree = "<group>"; };
		944A9F3D20E8AAF900F5FE80 /* Cowalker.app */ = {isa = PBXFileReference; explicitFileType = wrapper.application; includeInIndex = 0; path = Cowalker.app; sourceTree = BUILT_PRODUCTS_DIR; };
		944A9F4020E8AAF900F5FE80 /* AppDelegate.swift */ = {isa = PBXFileReference; lastKnownFileType = sourcecode.swift; path = AppDelegate.swift; sourceTree = "<group>"; };
		944A9F4720E8AAF900F5FE80 /* Assets.xcassets */ = {isa = PBXFileReference; lastKnownFileType = folder.assetcatalog; path = Assets.xcassets; sourceTree = "<group>"; };
		944A9F4A20E8AAF900F5FE80 /* Base */ = {isa = PBXFileReference; lastKnownFileType = file.storyboard; name = Base; path = Base.lproj/LaunchScreen.storyboard; sourceTree = "<group>"; };
		944A9F4C20E8AAF900F5FE80 /* Info.plist */ = {isa = PBXFileReference; lastKnownFileType = text.plist.xml; path = Info.plist; sourceTree = "<group>"; };
		944A9F5320E8AE6800F5FE80 /* LoginViewController.swift */ = {isa = PBXFileReference; lastKnownFileType = sourcecode.swift; path = LoginViewController.swift; sourceTree = "<group>"; };
		944A9F5520E8AE8600F5FE80 /* LoginService.swift */ = {isa = PBXFileReference; lastKnownFileType = sourcecode.swift; path = LoginService.swift; sourceTree = "<group>"; };
		944A9F5720E8AED100F5FE80 /* Main.storyboard */ = {isa = PBXFileReference; lastKnownFileType = file.storyboard; path = Main.storyboard; sourceTree = "<group>"; };
		944A9F5920E8AFE400F5FE80 /* JoinViewController.swift */ = {isa = PBXFileReference; lastKnownFileType = sourcecode.swift; path = JoinViewController.swift; sourceTree = "<group>"; };
		944A9F5B20E8B0BE00F5FE80 /* APIService.swift */ = {isa = PBXFileReference; lastKnownFileType = sourcecode.swift; path = APIService.swift; sourceTree = "<group>"; };
		944A9F5D20E8B0D000F5FE80 /* JoinService.swift */ = {isa = PBXFileReference; lastKnownFileType = sourcecode.swift; path = JoinService.swift; sourceTree = "<group>"; };
		944A9F6420E8B50500F5FE80 /* Home.storyboard */ = {isa = PBXFileReference; lastKnownFileType = file.storyboard; path = Home.storyboard; sourceTree = "<group>"; };
		944A9F6620E8B53200F5FE80 /* HomeViewController.swift */ = {isa = PBXFileReference; lastKnownFileType = sourcecode.swift; path = HomeViewController.swift; sourceTree = "<group>"; };
		944A9F6820E8B58B00F5FE80 /* SearchViewController.swift */ = {isa = PBXFileReference; lastKnownFileType = sourcecode.swift; path = SearchViewController.swift; sourceTree = "<group>"; };
		944A9F6A20E8B59400F5FE80 /* CreateViewController.swift */ = {isa = PBXFileReference; lastKnownFileType = sourcecode.swift; path = CreateViewController.swift; sourceTree = "<group>"; };
		944A9F6C20E8B5C500F5FE80 /* AlarmViewController.swift */ = {isa = PBXFileReference; lastKnownFileType = sourcecode.swift; path = AlarmViewController.swift; sourceTree = "<group>"; };
		944A9F6E20E8B5CC00F5FE80 /* ProfileViewController.swift */ = {isa = PBXFileReference; lastKnownFileType = sourcecode.swift; path = ProfileViewController.swift; sourceTree = "<group>"; };
		944A9F7020E8B5D900F5FE80 /* Search.storyboard */ = {isa = PBXFileReference; lastKnownFileType = file.storyboard; path = Search.storyboard; sourceTree = "<group>"; };
		944A9F7220E8B5E200F5FE80 /* Create.storyboard */ = {isa = PBXFileReference; lastKnownFileType = file.storyboard; path = Create.storyboard; sourceTree = "<group>"; };
		944A9F7420E8B5EA00F5FE80 /* Alarm.storyboard */ = {isa = PBXFileReference; lastKnownFileType = file.storyboard; path = Alarm.storyboard; sourceTree = "<group>"; };
		944A9F7720E8B5F900F5FE80 /* Profile.storyboard */ = {isa = PBXFileReference; lastKnownFileType = file.storyboard; path = Profile.storyboard; sourceTree = "<group>"; };
		944A9F7920E8BB7700F5FE80 /* MyTabViewController.swift */ = {isa = PBXFileReference; lastKnownFileType = sourcecode.swift; path = MyTabViewController.swift; sourceTree = "<group>"; };
		944A9F7B20E8D3CA00F5FE80 /* projectCollectionViewCell.swift */ = {isa = PBXFileReference; lastKnownFileType = sourcecode.swift; path = projectCollectionViewCell.swift; sourceTree = "<group>"; };
		944A9F7D20E8DFCA00F5FE80 /* ProfileEditViewController.swift */ = {isa = PBXFileReference; lastKnownFileType = sourcecode.swift; path = ProfileEditViewController.swift; sourceTree = "<group>"; };
		944A9F7F20E8DFE100F5FE80 /* MyPageViewController.swift */ = {isa = PBXFileReference; lastKnownFileType = sourcecode.swift; path = MyPageViewController.swift; sourceTree = "<group>"; };
		944A9F8120E8DFF700F5FE80 /* MyProjectViewController.swift */ = {isa = PBXFileReference; lastKnownFileType = sourcecode.swift; path = MyProjectViewController.swift; sourceTree = "<group>"; };
		944A9F8320E8E00E00F5FE80 /* MyPageUpdateViewController.swift */ = {isa = PBXFileReference; lastKnownFileType = sourcecode.swift; path = MyPageUpdateViewController.swift; sourceTree = "<group>"; };
		944A9F8720E8E03D00F5FE80 /* MyBagViewController.swift */ = {isa = PBXFileReference; lastKnownFileType = sourcecode.swift; path = MyBagViewController.swift; sourceTree = "<group>"; };
/* End PBXFileReference section */

/* Begin PBXFrameworksBuildPhase section */
		944A9F3A20E8AAF900F5FE80 /* Frameworks */ = {
			isa = PBXFrameworksBuildPhase;
			buildActionMask = 2147483647;
			files = (
			);
			runOnlyForDeploymentPostprocessing = 0;
		};
/* End PBXFrameworksBuildPhase section */

/* Begin PBXGroup section */
		9403DD1420E92D260049C497 /* -project */ = {
			isa = PBXGroup;
			children = (
				9403DD0E20E92B130049C497 /* CreateCollectionViewCell.swift */,
				9403DD1020E92B220049C497 /* DoingCollectionViewCell.swift */,
				9403DD1220E92B340049C497 /* ApplyingCollectionViewCell.swift */,
				944A9F8120E8DFF700F5FE80 /* MyProjectViewController.swift */,
			);
			path = "-project";
			sourceTree = "<group>";
		};
		9403DD1520E92D6D0049C497 /* -script */ = {
			isa = PBXGroup;
			children = (
				9403DD1B20E930540049C497 /* ScrapCollectionViewCell.swift */,
				9403DD1D20E9306C0049C497 /* MyScrapViewController.swift */,
			);
			path = "-script";
			sourceTree = "<group>";
		};
		9403DD1620E92DF20049C497 /* -mypage */ = {
			isa = PBXGroup;
			children = (
				944A9F7F20E8DFE100F5FE80 /* MyPageViewController.swift */,
				9403DD1720E92F890049C497 /* IntroductionCollectionViewCell.swift */,
			);
			path = "-mypage";
			sourceTree = "<group>";
		};
		944A9F3420E8AAF900F5FE80 = {
			isa = PBXGroup;
			children = (
				944A9F3F20E8AAF900F5FE80 /* Cowalker */,
				944A9F3E20E8AAF900F5FE80 /* Products */,
			);
			sourceTree = "<group>";
		};
		944A9F3E20E8AAF900F5FE80 /* Products */ = {
			isa = PBXGroup;
			children = (
				944A9F3D20E8AAF900F5FE80 /* Cowalker.app */,
			);
			name = Products;
			sourceTree = "<group>";
		};
		944A9F3F20E8AAF900F5FE80 /* Cowalker */ = {
			isa = PBXGroup;
			children = (
				944A9F5220E8AB7D00F5FE80 /* Login&Join */,
				944A9F5F20E8B22600F5FE80 /* 1.Home */,
				944A9F6220E8B3BA00F5FE80 /* 2.Search */,
				944A9F6320E8B3CE00F5FE80 /* 3.Create */,
				944A9F6020E8B39300F5FE80 /* 4.Alarm */,
				944A9F6120E8B3AC00F5FE80 /* 5.Profile */,
				944A9F4020E8AAF900F5FE80 /* AppDelegate.swift */,
				944A9F5B20E8B0BE00F5FE80 /* APIService.swift */,
				944A9F4720E8AAF900F5FE80 /* Assets.xcassets */,
				944A9F4920E8AAF900F5FE80 /* LaunchScreen.storyboard */,
				944A9F4C20E8AAF900F5FE80 /* Info.plist */,
			);
			path = Cowalker;
			sourceTree = "<group>";
		};
		944A9F5220E8AB7D00F5FE80 /* Login&Join */ = {
			isa = PBXGroup;
			children = (
				944A9F5720E8AED100F5FE80 /* Main.storyboard */,
				944A9F5320E8AE6800F5FE80 /* LoginViewController.swift */,
				944A9F5520E8AE8600F5FE80 /* LoginService.swift */,
				944A9F5920E8AFE400F5FE80 /* JoinViewController.swift */,
				944A9F5D20E8B0D000F5FE80 /* JoinService.swift */,
			);
			path = "Login&Join";
			sourceTree = "<group>";
		};
		944A9F5F20E8B22600F5FE80 /* 1.Home */ = {
			isa = PBXGroup;
			children = (
				944A9F6420E8B50500F5FE80 /* Home.storyboard */,
				944A9F6620E8B53200F5FE80 /* HomeViewController.swift */,
				944A9F7920E8BB7700F5FE80 /* MyTabViewController.swift */,
			);
			path = 1.Home;
			sourceTree = "<group>";
		};
		944A9F6020E8B39300F5FE80 /* 4.Alarm */ = {
			isa = PBXGroup;
			children = (
				944A9F6C20E8B5C500F5FE80 /* AlarmViewController.swift */,
				944A9F7420E8B5EA00F5FE80 /* Alarm.storyboard */,
				9403DD0820E8E45A0049C497 /* alarmTableViewCell.swift */,
				9403DD0C20E8E4FC0049C497 /* chattingTableViewCell.swift */,
			);
			path = 4.Alarm;
			sourceTree = "<group>";
		};
		944A9F6120E8B3AC00F5FE80 /* 5.Profile */ = {
			isa = PBXGroup;
			children = (
				944A9F7720E8B5F900F5FE80 /* Profile.storyboard */,
				9403DD1620E92DF20049C497 /* -mypage */,
				9403DD1520E92D6D0049C497 /* -script */,
				9403DD1420E92D260049C497 /* -project */,
				944A9F6E20E8B5CC00F5FE80 /* ProfileViewController.swift */,
				944A9F7D20E8DFCA00F5FE80 /* ProfileEditViewController.swift */,
				944A9F8320E8E00E00F5FE80 /* MyPageUpdateViewController.swift */,
				944A9F8720E8E03D00F5FE80 /* MyBagViewController.swift */,
			);
			path = 5.Profile;
			sourceTree = "<group>";
		};
		944A9F6220E8B3BA00F5FE80 /* 2.Search */ = {
			isa = PBXGroup;
			children = (
				944A9F6820E8B58B00F5FE80 /* SearchViewController.swift */,
				944A9F7020E8B5D900F5FE80 /* Search.storyboard */,
				944A9F7B20E8D3CA00F5FE80 /* projectCollectionViewCell.swift */,
			);
			path = 2.Search;
			sourceTree = "<group>";
		};
		944A9F6320E8B3CE00F5FE80 /* 3.Create */ = {
			isa = PBXGroup;
			children = (
				944A9F6A20E8B59400F5FE80 /* CreateViewController.swift */,
				944A9F7220E8B5E200F5FE80 /* Create.storyboard */,
			);
			path = 3.Create;
			sourceTree = "<group>";
		};
/* End PBXGroup section */

/* Begin PBXNativeTarget section */
		944A9F3C20E8AAF900F5FE80 /* Cowalker */ = {
			isa = PBXNativeTarget;
			buildConfigurationList = 944A9F4F20E8AAF900F5FE80 /* Build configuration list for PBXNativeTarget "Cowalker" */;
			buildPhases = (
				944A9F3920E8AAF900F5FE80 /* Sources */,
				944A9F3A20E8AAF900F5FE80 /* Frameworks */,
				944A9F3B20E8AAF900F5FE80 /* Resources */,
			);
			buildRules = (
			);
			dependencies = (
			);
			name = Cowalker;
			productName = Cowalker;
			productReference = 944A9F3D20E8AAF900F5FE80 /* Cowalker.app */;
			productType = "com.apple.product-type.application";
		};
/* End PBXNativeTarget section */

/* Begin PBXProject section */
		944A9F3520E8AAF900F5FE80 /* Project object */ = {
			isa = PBXProject;
			attributes = {
				LastSwiftUpdateCheck = 0920;
				LastUpgradeCheck = 0920;
				ORGANIZATIONNAME = "조예원";
				TargetAttributes = {
					944A9F3C20E8AAF900F5FE80 = {
						CreatedOnToolsVersion = 9.2;
						ProvisioningStyle = Automatic;
					};
				};
			};
			buildConfigurationList = 944A9F3820E8AAF900F5FE80 /* Build configuration list for PBXProject "Cowalker" */;
			compatibilityVersion = "Xcode 8.0";
			developmentRegion = en;
			hasScannedForEncodings = 0;
			knownRegions = (
				en,
				Base,
			);
			mainGroup = 944A9F3420E8AAF900F5FE80;
			productRefGroup = 944A9F3E20E8AAF900F5FE80 /* Products */;
			projectDirPath = "";
			projectRoot = "";
			targets = (
				944A9F3C20E8AAF900F5FE80 /* Cowalker */,
			);
		};
/* End PBXProject section */

/* Begin PBXResourcesBuildPhase section */
		944A9F3B20E8AAF900F5FE80 /* Resources */ = {
			isa = PBXResourcesBuildPhase;
			buildActionMask = 2147483647;
			files = (
				944A9F5820E8AED100F5FE80 /* Main.storyboard in Resources */,
				944A9F4B20E8AAF900F5FE80 /* LaunchScreen.storyboard in Resources */,
				944A9F7820E8B5F900F5FE80 /* Profile.storyboard in Resources */,
				944A9F4820E8AAF900F5FE80 /* Assets.xcassets in Resources */,
				944A9F7520E8B5EA00F5FE80 /* Alarm.storyboard in Resources */,
				944A9F6520E8B50500F5FE80 /* Home.storyboard in Resources */,
				944A9F7320E8B5E200F5FE80 /* Create.storyboard in Resources */,
				944A9F7120E8B5D900F5FE80 /* Search.storyboard in Resources */,
			);
			runOnlyForDeploymentPostprocessing = 0;
		};
/* End PBXResourcesBuildPhase section */

/* Begin PBXSourcesBuildPhase section */
		944A9F3920E8AAF900F5FE80 /* Sources */ = {
			isa = PBXSourcesBuildPhase;
			buildActionMask = 2147483647;
			files = (
				944A9F6D20E8B5C500F5FE80 /* AlarmViewController.swift in Sources */,
				944A9F5420E8AE6800F5FE80 /* LoginViewController.swift in Sources */,
				944A9F7C20E8D3CA00F5FE80 /* projectCollectionViewCell.swift in Sources */,
				9403DD0920E8E45A0049C497 /* alarmTableViewCell.swift in Sources */,
				9403DD1120E92B220049C497 /* DoingCollectionViewCell.swift in Sources */,
				944A9F5E20E8B0D000F5FE80 /* JoinService.swift in Sources */,
				944A9F8220E8DFF700F5FE80 /* MyProjectViewController.swift in Sources */,
				9403DD1E20E9306C0049C497 /* MyScrapViewController.swift in Sources */,
				9403DD1C20E930540049C497 /* ScrapCollectionViewCell.swift in Sources */,
				9403DD1820E92F890049C497 /* IntroductionCollectionViewCell.swift in Sources */,
				944A9F6B20E8B59400F5FE80 /* CreateViewController.swift in Sources */,
				944A9F8820E8E03D00F5FE80 /* MyBagViewController.swift in Sources */,
				944A9F6920E8B58B00F5FE80 /* SearchViewController.swift in Sources */,
				944A9F5C20E8B0BE00F5FE80 /* APIService.swift in Sources */,
				944A9F8420E8E00E00F5FE80 /* MyPageUpdateViewController.swift in Sources */,
				9403DD1320E92B340049C497 /* ApplyingCollectionViewCell.swift in Sources */,
				944A9F6F20E8B5CC00F5FE80 /* ProfileViewController.swift in Sources */,
				944A9F7E20E8DFCA00F5FE80 /* ProfileEditViewController.swift in Sources */,
				9403DD0D20E8E4FC0049C497 /* chattingTableViewCell.swift in Sources */,
				944A9F4120E8AAF900F5FE80 /* AppDelegate.swift in Sources */,
				944A9F8020E8DFE100F5FE80 /* MyPageViewController.swift in Sources */,
				944A9F7A20E8BB7700F5FE80 /* MyTabViewController.swift in Sources */,
				944A9F5A20E8AFE400F5FE80 /* JoinViewController.swift in Sources */,
				944A9F6720E8B53200F5FE80 /* HomeViewController.swift in Sources */,
				9403DD0F20E92B130049C497 /* CreateCollectionViewCell.swift in Sources */,
				944A9F5620E8AE8600F5FE80 /* LoginService.swift in Sources */,
			);
			runOnlyForDeploymentPostprocessing = 0;
		};
/* End PBXSourcesBuildPhase section */

/* Begin PBXVariantGroup section */
		944A9F4920E8AAF900F5FE80 /* LaunchScreen.storyboard */ = {
			isa = PBXVariantGroup;
			children = (
				944A9F4A20E8AAF900F5FE80 /* Base */,
			);
			name = LaunchScreen.storyboard;
			sourceTree = "<group>";
		};
/* End PBXVariantGroup section */

/* Begin XCBuildConfiguration section */
		944A9F4D20E8AAF900F5FE80 /* Debug */ = {
			isa = XCBuildConfiguration;
			buildSettings = {
				ALWAYS_SEARCH_USER_PATHS = NO;
				CLANG_ANALYZER_NONNULL = YES;
				CLANG_ANALYZER_NUMBER_OBJECT_CONVERSION = YES_AGGRESSIVE;
				CLANG_CXX_LANGUAGE_STANDARD = "gnu++14";
				CLANG_CXX_LIBRARY = "libc++";
				CLANG_ENABLE_MODULES = YES;
				CLANG_ENABLE_OBJC_ARC = YES;
				CLANG_WARN_BLOCK_CAPTURE_AUTORELEASING = YES;
				CLANG_WARN_BOOL_CONVERSION = YES;
				CLANG_WARN_COMMA = YES;
				CLANG_WARN_CONSTANT_CONVERSION = YES;
				CLANG_WARN_DIRECT_OBJC_ISA_USAGE = YES_ERROR;
				CLANG_WARN_DOCUMENTATION_COMMENTS = YES;
				CLANG_WARN_EMPTY_BODY = YES;
				CLANG_WARN_ENUM_CONVERSION = YES;
				CLANG_WARN_INFINITE_RECURSION = YES;
				CLANG_WARN_INT_CONVERSION = YES;
				CLANG_WARN_NON_LITERAL_NULL_CONVERSION = YES;
				CLANG_WARN_OBJC_LITERAL_CONVERSION = YES;
				CLANG_WARN_OBJC_ROOT_CLASS = YES_ERROR;
				CLANG_WARN_RANGE_LOOP_ANALYSIS = YES;
				CLANG_WARN_STRICT_PROTOTYPES = YES;
				CLANG_WARN_SUSPICIOUS_MOVE = YES;
				CLANG_WARN_UNGUARDED_AVAILABILITY = YES_AGGRESSIVE;
				CLANG_WARN_UNREACHABLE_CODE = YES;
				CLANG_WARN__DUPLICATE_METHOD_MATCH = YES;
				CODE_SIGN_IDENTITY = "iPhone Developer";
				COPY_PHASE_STRIP = NO;
				DEBUG_INFORMATION_FORMAT = dwarf;
				ENABLE_STRICT_OBJC_MSGSEND = YES;
				ENABLE_TESTABILITY = YES;
				GCC_C_LANGUAGE_STANDARD = gnu11;
				GCC_DYNAMIC_NO_PIC = NO;
				GCC_NO_COMMON_BLOCKS = YES;
				GCC_OPTIMIZATION_LEVEL = 0;
				GCC_PREPROCESSOR_DEFINITIONS = (
					"DEBUG=1",
					"$(inherited)",
				);
				GCC_WARN_64_TO_32_BIT_CONVERSION = YES;
				GCC_WARN_ABOUT_RETURN_TYPE = YES_ERROR;
				GCC_WARN_UNDECLARED_SELECTOR = YES;
				GCC_WARN_UNINITIALIZED_AUTOS = YES_AGGRESSIVE;
				GCC_WARN_UNUSED_FUNCTION = YES;
				GCC_WARN_UNUSED_VARIABLE = YES;
				IPHONEOS_DEPLOYMENT_TARGET = 11.2;
				MTL_ENABLE_DEBUG_INFO = YES;
				ONLY_ACTIVE_ARCH = YES;
				SDKROOT = iphoneos;
				SWIFT_ACTIVE_COMPILATION_CONDITIONS = DEBUG;
				SWIFT_OPTIMIZATION_LEVEL = "-Onone";
			};
			name = Debug;
		};
		944A9F4E20E8AAF900F5FE80 /* Release */ = {
			isa = XCBuildConfiguration;
			buildSettings = {
				ALWAYS_SEARCH_USER_PATHS = NO;
				CLANG_ANALYZER_NONNULL = YES;
				CLANG_ANALYZER_NUMBER_OBJECT_CONVERSION = YES_AGGRESSIVE;
				CLANG_CXX_LANGUAGE_STANDARD = "gnu++14";
				CLANG_CXX_LIBRARY = "libc++";
				CLANG_ENABLE_MODULES = YES;
				CLANG_ENABLE_OBJC_ARC = YES;
				CLANG_WARN_BLOCK_CAPTURE_AUTORELEASING = YES;
				CLANG_WARN_BOOL_CONVERSION = YES;
				CLANG_WARN_COMMA = YES;
				CLANG_WARN_CONSTANT_CONVERSION = YES;
				CLANG_WARN_DIRECT_OBJC_ISA_USAGE = YES_ERROR;
				CLANG_WARN_DOCUMENTATION_COMMENTS = YES;
				CLANG_WARN_EMPTY_BODY = YES;
				CLANG_WARN_ENUM_CONVERSION = YES;
				CLANG_WARN_INFINITE_RECURSION = YES;
				CLANG_WARN_INT_CONVERSION = YES;
				CLANG_WARN_NON_LITERAL_NULL_CONVERSION = YES;
				CLANG_WARN_OBJC_LITERAL_CONVERSION = YES;
				CLANG_WARN_OBJC_ROOT_CLASS = YES_ERROR;
				CLANG_WARN_RANGE_LOOP_ANALYSIS = YES;
				CLANG_WARN_STRICT_PROTOTYPES = YES;
				CLANG_WARN_SUSPICIOUS_MOVE = YES;
				CLANG_WARN_UNGUARDED_AVAILABILITY = YES_AGGRESSIVE;
				CLANG_WARN_UNREACHABLE_CODE = YES;
				CLANG_WARN__DUPLICATE_METHOD_MATCH = YES;
				CODE_SIGN_IDENTITY = "iPhone Developer";
				COPY_PHASE_STRIP = NO;
				DEBUG_INFORMATION_FORMAT = "dwarf-with-dsym";
				ENABLE_NS_ASSERTIONS = NO;
				ENABLE_STRICT_OBJC_MSGSEND = YES;
				GCC_C_LANGUAGE_STANDARD = gnu11;
				GCC_NO_COMMON_BLOCKS = YES;
				GCC_WARN_64_TO_32_BIT_CONVERSION = YES;
				GCC_WARN_ABOUT_RETURN_TYPE = YES_ERROR;
				GCC_WARN_UNDECLARED_SELECTOR = YES;
				GCC_WARN_UNINITIALIZED_AUTOS = YES_AGGRESSIVE;
				GCC_WARN_UNUSED_FUNCTION = YES;
				GCC_WARN_UNUSED_VARIABLE = YES;
				IPHONEOS_DEPLOYMENT_TARGET = 11.2;
				MTL_ENABLE_DEBUG_INFO = NO;
				SDKROOT = iphoneos;
				SWIFT_OPTIMIZATION_LEVEL = "-Owholemodule";
				VALIDATE_PRODUCT = YES;
			};
			name = Release;
		};
		944A9F5020E8AAF900F5FE80 /* Debug */ = {
			isa = XCBuildConfiguration;
			buildSettings = {
				ASSETCATALOG_COMPILER_APPICON_NAME = AppIcon;
				CODE_SIGN_STYLE = Automatic;
				INFOPLIST_FILE = Cowalker/Info.plist;
				LD_RUNPATH_SEARCH_PATHS = "$(inherited) @executable_path/Frameworks";
				PRODUCT_BUNDLE_IDENTIFIER = Yewon.Cowalker;
				PRODUCT_NAME = "$(TARGET_NAME)";
				SWIFT_VERSION = 4.0;
				TARGETED_DEVICE_FAMILY = "1,2";
			};
			name = Debug;
		};
		944A9F5120E8AAF900F5FE80 /* Release */ = {
			isa = XCBuildConfiguration;
			buildSettings = {
				ASSETCATALOG_COMPILER_APPICON_NAME = AppIcon;
				CODE_SIGN_STYLE = Automatic;
				INFOPLIST_FILE = Cowalker/Info.plist;
				LD_RUNPATH_SEARCH_PATHS = "$(inherited) @executable_path/Frameworks";
				PRODUCT_BUNDLE_IDENTIFIER = Yewon.Cowalker;
				PRODUCT_NAME = "$(TARGET_NAME)";
				SWIFT_VERSION = 4.0;
				TARGETED_DEVICE_FAMILY = "1,2";
			};
			name = Release;
		};
/* End XCBuildConfiguration section */

/* Begin XCConfigurationList section */
		944A9F3820E8AAF900F5FE80 /* Build configuration list for PBXProject "Cowalker" */ = {
			isa = XCConfigurationList;
			buildConfigurations = (
				944A9F4D20E8AAF900F5FE80 /* Debug */,
				944A9F4E20E8AAF900F5FE80 /* Release */,
			);
			defaultConfigurationIsVisible = 0;
			defaultConfigurationName = Release;
		};
		944A9F4F20E8AAF900F5FE80 /* Build configuration list for PBXNativeTarget "Cowalker" */ = {
			isa = XCConfigurationList;
			buildConfigurations = (
				944A9F5020E8AAF900F5FE80 /* Debug */,
				944A9F5120E8AAF900F5FE80 /* Release */,
			);
			defaultConfigurationIsVisible = 0;
			defaultConfigurationName = Release;
		};
/* End XCConfigurationList section */
	};
	rootObject = 944A9F3520E8AAF900F5FE80 /* Project object */;
}
